// !$*UTF8*$!
{
	archiveVersion = 1;
	classes = {
	};
	objectVersion = 46;
	objects = {

/* Begin PBXBuildFile section */
		75DF54CB1F21FFDE0031309B /* AppDelegate.swift in Sources */ = {isa = PBXBuildFile; fileRef = 75DF54CA1F21FFDE0031309B /* AppDelegate.swift */; };
		75DF54D01F21FFDE0031309B /* Main.storyboard in Resources */ = {isa = PBXBuildFile; fileRef = 75DF54CE1F21FFDE0031309B /* Main.storyboard */; };
		75DF54D21F21FFDE0031309B /* Assets.xcassets in Resources */ = {isa = PBXBuildFile; fileRef = 75DF54D11F21FFDE0031309B /* Assets.xcassets */; };
		75DF54D51F21FFDE0031309B /* LaunchScreen.storyboard in Resources */ = {isa = PBXBuildFile; fileRef = 75DF54D31F21FFDE0031309B /* LaunchScreen.storyboard */; };
		75DF54E01F21FFDE0031309B /* TacoPOPTests.swift in Sources */ = {isa = PBXBuildFile; fileRef = 75DF54DF1F21FFDE0031309B /* TacoPOPTests.swift */; };
		75DF54F11F2201270031309B /* MainVC.swift in Sources */ = {isa = PBXBuildFile; fileRef = 75DF54F01F2201270031309B /* MainVC.swift */; };
		75DF54F31F2203ED0031309B /* DropShadow.swift in Sources */ = {isa = PBXBuildFile; fileRef = 75DF54F21F2203ED0031309B /* DropShadow.swift */; };
		75DF54F51F2207D60031309B /* HeaderView.swift in Sources */ = {isa = PBXBuildFile; fileRef = 75DF54F41F2207D60031309B /* HeaderView.swift */; };
		75DF54F71F2224720031309B /* Taco.swift in Sources */ = {isa = PBXBuildFile; fileRef = 75DF54F61F2224720031309B /* Taco.swift */; };
		75DF54F91F222A740031309B /* DataService.swift in Sources */ = {isa = PBXBuildFile; fileRef = 75DF54F81F222A740031309B /* DataService.swift */; };
		75DF54FC1F222DDD0031309B /* TacoCell.swift in Sources */ = {isa = PBXBuildFile; fileRef = 75DF54FA1F222DDD0031309B /* TacoCell.swift */; };
		75DF54FD1F222DDD0031309B /* TacoCell.xib in Resources */ = {isa = PBXBuildFile; fileRef = 75DF54FB1F222DDD0031309B /* TacoCell.xib */; };
		75DF54FF1F223E6B0031309B /* ReusableView.swift in Sources */ = {isa = PBXBuildFile; fileRef = 75DF54FE1F223E6B0031309B /* ReusableView.swift */; };
		75DF55011F2240040031309B /* NibLoadableView.swift in Sources */ = {isa = PBXBuildFile; fileRef = 75DF55001F2240040031309B /* NibLoadableView.swift */; };
		75DF55031F2240F10031309B /* UICollectionView+Ext.swift in Sources */ = {isa = PBXBuildFile; fileRef = 75DF55021F2240F10031309B /* UICollectionView+Ext.swift */; };
/* End PBXBuildFile section */

/* Begin PBXContainerItemProxy section */
		75DF54DC1F21FFDE0031309B /* PBXContainerItemProxy */ = {
			isa = PBXContainerItemProxy;
			containerPortal = 75DF54BF1F21FFDE0031309B /* Project object */;
			proxyType = 1;
			remoteGlobalIDString = 75DF54C61F21FFDE0031309B;
			remoteInfo = TacoPOP;
		};
/* End PBXContainerItemProxy section */

/* Begin PBXFileReference section */
		75DF54C71F21FFDE0031309B /* TacoPOP.app */ = {isa = PBXFileReference; explicitFileType = wrapper.application; includeInIndex = 0; path = TacoPOP.app; sourceTree = BUILT_PRODUCTS_DIR; };
		75DF54CA1F21FFDE0031309B /* AppDelegate.swift */ = {isa = PBXFileReference; lastKnownFileType = sourcecode.swift; path = AppDelegate.swift; sourceTree = "<group>"; };
		75DF54CF1F21FFDE0031309B /* Base */ = {isa = PBXFileReference; lastKnownFileType = file.storyboard; name = Base; path = Base.lproj/Main.storyboard; sourceTree = "<group>"; };
		75DF54D11F21FFDE0031309B /* Assets.xcassets */ = {isa = PBXFileReference; lastKnownFileType = folder.assetcatalog; path = Assets.xcassets; sourceTree = "<group>"; };
		75DF54D41F21FFDE0031309B /* Base */ = {isa = PBXFileReference; lastKnownFileType = file.storyboard; name = Base; path = Base.lproj/LaunchScreen.storyboard; sourceTree = "<group>"; };
		75DF54D61F21FFDE0031309B /* Info.plist */ = {isa = PBXFileReference; lastKnownFileType = text.plist.xml; path = Info.plist; sourceTree = "<group>"; };
		75DF54DB1F21FFDE0031309B /* TacoPOPTests.xctest */ = {isa = PBXFileReference; explicitFileType = wrapper.cfbundle; includeInIndex = 0; path = TacoPOPTests.xctest; sourceTree = BUILT_PRODUCTS_DIR; };
		75DF54DF1F21FFDE0031309B /* TacoPOPTests.swift */ = {isa = PBXFileReference; lastKnownFileType = sourcecode.swift; path = TacoPOPTests.swift; sourceTree = "<group>"; };
		75DF54E11F21FFDE0031309B /* Info.plist */ = {isa = PBXFileReference; lastKnownFileType = text.plist.xml; path = Info.plist; sourceTree = "<group>"; };
		75DF54F01F2201270031309B /* MainVC.swift */ = {isa = PBXFileReference; fileEncoding = 4; lastKnownFileType = sourcecode.swift; path = MainVC.swift; sourceTree = "<group>"; };
		75DF54F21F2203ED0031309B /* DropShadow.swift */ = {isa = PBXFileReference; fileEncoding = 4; lastKnownFileType = sourcecode.swift; path = DropShadow.swift; sourceTree = "<group>"; };
		75DF54F41F2207D60031309B /* HeaderView.swift */ = {isa = PBXFileReference; fileEncoding = 4; lastKnownFileType = sourcecode.swift; path = HeaderView.swift; sourceTree = "<group>"; };
		75DF54F61F2224720031309B /* Taco.swift */ = {isa = PBXFileReference; fileEncoding = 4; lastKnownFileType = sourcecode.swift; path = Taco.swift; sourceTree = "<group>"; };
		75DF54F81F222A740031309B /* DataService.swift */ = {isa = PBXFileReference; fileEncoding = 4; lastKnownFileType = sourcecode.swift; path = DataService.swift; sourceTree = "<group>"; };
		75DF54FA1F222DDD0031309B /* TacoCell.swift */ = {isa = PBXFileReference; fileEncoding = 4; lastKnownFileType = sourcecode.swift; path = TacoCell.swift; sourceTree = "<group>"; };
		75DF54FB1F222DDD0031309B /* TacoCell.xib */ = {isa = PBXFileReference; fileEncoding = 4; lastKnownFileType = file.xib; path = TacoCell.xib; sourceTree = "<group>"; };
		75DF54FE1F223E6B0031309B /* ReusableView.swift */ = {isa = PBXFileReference; fileEncoding = 4; lastKnownFileType = sourcecode.swift; path = ReusableView.swift; sourceTree = "<group>"; };
		75DF55001F2240040031309B /* NibLoadableView.swift */ = {isa = PBXFileReference; fileEncoding = 4; lastKnownFileType = sourcecode.swift; path = NibLoadableView.swift; sourceTree = "<group>"; };
		75DF55021F2240F10031309B /* UICollectionView+Ext.swift */ = {isa = PBXFileReference; fileEncoding = 4; lastKnownFileType = sourcecode.swift; path = "UICollectionView+Ext.swift"; sourceTree = "<group>"; };
/* End PBXFileReference section */

/* Begin PBXFrameworksBuildPhase section */
		75DF54C41F21FFDE0031309B /* Frameworks */ = {
			isa = PBXFrameworksBuildPhase;
			buildActionMask = 2147483647;
			files = (
			);
			runOnlyForDeploymentPostprocessing = 0;
		};
		75DF54D81F21FFDE0031309B /* Frameworks */ = {
			isa = PBXFrameworksBuildPhase;
			buildActionMask = 2147483647;
			files = (
			);
			runOnlyForDeploymentPostprocessing = 0;
		};
/* End PBXFrameworksBuildPhase section */

/* Begin PBXGroup section */
		75DF54BE1F21FFDE0031309B = {
			isa = PBXGroup;
			children = (
				75DF54C91F21FFDE0031309B /* TacoPOP */,
				75DF54DE1F21FFDE0031309B /* TacoPOPTests */,
				75DF54C81F21FFDE0031309B /* Products */,
			);
			sourceTree = "<group>";
		};
		75DF54C81F21FFDE0031309B /* Products */ = {
			isa = PBXGroup;
			children = (
				75DF54C71F21FFDE0031309B /* TacoPOP.app */,
				75DF54DB1F21FFDE0031309B /* TacoPOPTests.xctest */,
			);
			name = Products;
			sourceTree = "<group>";
		};
		75DF54C91F21FFDE0031309B /* TacoPOP */ = {
			isa = PBXGroup;
			children = (
				75DF54EF1F22005E0031309B /* Extensions */,
				75DF54EE1F22004D0031309B /* Protocols */,
				75DF54EC1F22000F0031309B /* Model */,
				75DF54EB1F2200090031309B /* View */,
				75DF54EA1F21FFFF0031309B /* Controller */,
				75DF54ED1F22002C0031309B /* Resources */,
			);
			path = TacoPOP;
			sourceTree = "<group>";
		};
		75DF54DE1F21FFDE0031309B /* TacoPOPTests */ = {
			isa = PBXGroup;
			children = (
				75DF54DF1F21FFDE0031309B /* TacoPOPTests.swift */,
				75DF54E11F21FFDE0031309B /* Info.plist */,
			);
			path = TacoPOPTests;
			sourceTree = "<group>";
		};
		75DF54EA1F21FFFF0031309B /* Controller */ = {
			isa = PBXGroup;
			children = (
				75DF54CA1F21FFDE0031309B /* AppDelegate.swift */,
				75DF54F01F2201270031309B /* MainVC.swift */,
			);
			name = Controller;
			sourceTree = "<group>";
		};
		75DF54EB1F2200090031309B /* View */ = {
			isa = PBXGroup;
			children = (
				75DF54CE1F21FFDE0031309B /* Main.storyboard */,
				75DF54D31F21FFDE0031309B /* LaunchScreen.storyboard */,
				75DF54F41F2207D60031309B /* HeaderView.swift */,
				75DF54FA1F222DDD0031309B /* TacoCell.swift */,
				75DF54FB1F222DDD0031309B /* TacoCell.xib */,
			);
			name = View;
			sourceTree = "<group>";
		};
		75DF54EC1F22000F0031309B /* Model */ = {
			isa = PBXGroup;
			children = (
				75DF54F61F2224720031309B /* Taco.swift */,
				75DF54F81F222A740031309B /* DataService.swift */,
			);
			name = Model;
			sourceTree = "<group>";
		};
		75DF54ED1F22002C0031309B /* Resources */ = {
			isa = PBXGroup;
			children = (
				75DF54D61F21FFDE0031309B /* Info.plist */,
				75DF54D11F21FFDE0031309B /* Assets.xcassets */,
			);
			name = Resources;
			sourceTree = "<group>";
		};
		75DF54EE1F22004D0031309B /* Protocols */ = {
			isa = PBXGroup;
			children = (
				75DF54F21F2203ED0031309B /* DropShadow.swift */,
				75DF54FE1F223E6B0031309B /* ReusableView.swift */,
				75DF55001F2240040031309B /* NibLoadableView.swift */,
			);
			name = Protocols;
			sourceTree = "<group>";
		};
		75DF54EF1F22005E0031309B /* Extensions */ = {
			isa = PBXGroup;
			children = (
				75DF55021F2240F10031309B /* UICollectionView+Ext.swift */,
			);
			name = Extensions;
			sourceTree = "<group>";
		};
/* End PBXGroup section */

/* Begin PBXNativeTarget section */
		75DF54C61F21FFDE0031309B /* TacoPOP */ = {
			isa = PBXNativeTarget;
			buildConfigurationList = 75DF54E41F21FFDE0031309B /* Build configuration list for PBXNativeTarget "TacoPOP" */;
			buildPhases = (
				75DF54C31F21FFDE0031309B /* Sources */,
				75DF54C41F21FFDE0031309B /* Frameworks */,
				75DF54C51F21FFDE0031309B /* Resources */,
			);
			buildRules = (
			);
			dependencies = (
			);
			name = TacoPOP;
			productName = TacoPOP;
			productReference = 75DF54C71F21FFDE0031309B /* TacoPOP.app */;
			productType = "com.apple.product-type.application";
		};
		75DF54DA1F21FFDE0031309B /* TacoPOPTests */ = {
			isa = PBXNativeTarget;
			buildConfigurationList = 75DF54E71F21FFDE0031309B /* Build configuration list for PBXNativeTarget "TacoPOPTests" */;
			buildPhases = (
				75DF54D71F21FFDE0031309B /* Sources */,
				75DF54D81F21FFDE0031309B /* Frameworks */,
				75DF54D91F21FFDE0031309B /* Resources */,
			);
			buildRules = (
			);
			dependencies = (
				75DF54DD1F21FFDE0031309B /* PBXTargetDependency */,
			);
			name = TacoPOPTests;
			productName = TacoPOPTests;
			productReference = 75DF54DB1F21FFDE0031309B /* TacoPOPTests.xctest */;
			productType = "com.apple.product-type.bundle.unit-test";
		};
/* End PBXNativeTarget section */

/* Begin PBXProject section */
		75DF54BF1F21FFDE0031309B /* Project object */ = {
			isa = PBXProject;
			attributes = {
				LastSwiftUpdateCheck = 0830;
				LastUpgradeCheck = 0830;
				ORGANIZATIONNAME = "Settar Hummetli";
				TargetAttributes = {
					75DF54C61F21FFDE0031309B = {
						CreatedOnToolsVersion = 8.3.3;
						DevelopmentTeam = AJ4LU8WZ2B;
						ProvisioningStyle = Automatic;
					};
					75DF54DA1F21FFDE0031309B = {
						CreatedOnToolsVersion = 8.3.3;
						DevelopmentTeam = AJ4LU8WZ2B;
						ProvisioningStyle = Automatic;
						TestTargetID = 75DF54C61F21FFDE0031309B;
					};
				};
			};
			buildConfigurationList = 75DF54C21F21FFDE0031309B /* Build configuration list for PBXProject "TacoPOP" */;
			compatibilityVersion = "Xcode 3.2";
			developmentRegion = English;
			hasScannedForEncodings = 0;
			knownRegions = (
				en,
				Base,
			);
			mainGroup = 75DF54BE1F21FFDE0031309B;
			productRefGroup = 75DF54C81F21FFDE0031309B /* Products */;
			projectDirPath = "";
			projectRoot = "";
			targets = (
				75DF54C61F21FFDE0031309B /* TacoPOP */,
				75DF54DA1F21FFDE0031309B /* TacoPOPTests */,
			);
		};
/* End PBXProject section */

/* Begin PBXResourcesBuildPhase section */
		75DF54C51F21FFDE0031309B /* Resources */ = {
			isa = PBXResourcesBuildPhase;
			buildActionMask = 2147483647;
			files = (
				75DF54FD1F222DDD0031309B /* TacoCell.xib in Resources */,
				75DF54D51F21FFDE0031309B /* LaunchScreen.storyboard in Resources */,
				75DF54D21F21FFDE0031309B /* Assets.xcassets in Resources */,
				75DF54D01F21FFDE0031309B /* Main.storyboard in Resources */,
			);
			runOnlyForDeploymentPostprocessing = 0;
		};
		75DF54D91F21FFDE0031309B /* Resources */ = {
			isa = PBXResourcesBuildPhase;
			buildActionMask = 2147483647;
			files = (
			);
			runOnlyForDeploymentPostprocessing = 0;
		};
/* End PBXResourcesBuildPhase section */

/* Begin PBXSourcesBuildPhase section */
		75DF54C31F21FFDE0031309B /* Sources */ = {
			isa = PBXSourcesBuildPhase;
			buildActionMask = 2147483647;
			files = (
				75DF54FC1F222DDD0031309B /* TacoCell.swift in Sources */,
				75DF54CB1F21FFDE0031309B /* AppDelegate.swift in Sources */,
				75DF54F31F2203ED0031309B /* DropShadow.swift in Sources */,
				75DF55011F2240040031309B /* NibLoadableView.swift in Sources */,
				75DF55031F2240F10031309B /* UICollectionView+Ext.swift in Sources */,
				75DF54FF1F223E6B0031309B /* ReusableView.swift in Sources */,
				75DF54F11F2201270031309B /* MainVC.swift in Sources */,
				75DF54F91F222A740031309B /* DataService.swift in Sources */,
				75DF54F71F2224720031309B /* Taco.swift in Sources */,
				75DF54F51F2207D60031309B /* HeaderView.swift in Sources */,
			);
			runOnlyForDeploymentPostprocessing = 0;
		};
		75DF54D71F21FFDE0031309B /* Sources */ = {
			isa = PBXSourcesBuildPhase;
			buildActionMask = 2147483647;
			files = (
				75DF54E01F21FFDE0031309B /* TacoPOPTests.swift in Sources */,
			);
			runOnlyForDeploymentPostprocessing = 0;
		};
/* End PBXSourcesBuildPhase section */

/* Begin PBXTargetDependency section */
		75DF54DD1F21FFDE0031309B /* PBXTargetDependency */ = {
			isa = PBXTargetDependency;
			target = 75DF54C61F21FFDE0031309B /* TacoPOP */;
			targetProxy = 75DF54DC1F21FFDE0031309B /* PBXContainerItemProxy */;
		};
/* End PBXTargetDependency section */

/* Begin PBXVariantGroup section */
		75DF54CE1F21FFDE0031309B /* Main.storyboard */ = {
			isa = PBXVariantGroup;
			children = (
				75DF54CF1F21FFDE0031309B /* Base */,
			);
			name = Main.storyboard;
			sourceTree = "<group>";
		};
		75DF54D31F21FFDE0031309B /* LaunchScreen.storyboard */ = {
			isa = PBXVariantGroup;
			children = (
				75DF54D41F21FFDE0031309B /* Base */,
			);
			name = LaunchScreen.storyboard;
			sourceTree = "<group>";
		};
/* End PBXVariantGroup section */

/* Begin XCBuildConfiguration section */
		75DF54E21F21FFDE0031309B /* Debug */ = {
			isa = XCBuildConfiguration;
			buildSettings = {
				ALWAYS_SEARCH_USER_PATHS = NO;
				CLANG_ANALYZER_NONNULL = YES;
				CLANG_ANALYZER_NUMBER_OBJECT_CONVERSION = YES_AGGRESSIVE;
				CLANG_CXX_LANGUAGE_STANDARD = "gnu++0x";
				CLANG_CXX_LIBRARY = "libc++";
				CLANG_ENABLE_MODULES = YES;
				CLANG_ENABLE_OBJC_ARC = YES;
				CLANG_WARN_BOOL_CONVERSION = YES;
				CLANG_WARN_CONSTANT_CONVERSION = YES;
				CLANG_WARN_DIRECT_OBJC_ISA_USAGE = YES_ERROR;
				CLANG_WARN_DOCUMENTATION_COMMENTS = YES;
				CLANG_WARN_EMPTY_BODY = YES;
				CLANG_WARN_ENUM_CONVERSION = YES;
				CLANG_WARN_INFINITE_RECURSION = YES;
				CLANG_WARN_INT_CONVERSION = YES;
				CLANG_WARN_OBJC_ROOT_CLASS = YES_ERROR;
				CLANG_WARN_SUSPICIOUS_MOVE = YES;
				CLANG_WARN_UNREACHABLE_CODE = YES;
				CLANG_WARN__DUPLICATE_METHOD_MATCH = YES;
				"CODE_SIGN_IDENTITY[sdk=iphoneos*]" = "iPhone Developer";
				COPY_PHASE_STRIP = NO;
				DEBUG_INFORMATION_FORMAT = dwarf;
				ENABLE_STRICT_OBJC_MSGSEND = YES;
				ENABLE_TESTABILITY = YES;
				GCC_C_LANGUAGE_STANDARD = gnu99;
				GCC_DYNAMIC_NO_PIC = NO;
				GCC_NO_COMMON_BLOCKS = YES;
				GCC_OPTIMIZATION_LEVEL = 0;
				GCC_PREPROCESSOR_DEFINITIONS = (
					"DEBUG=1",
					"$(inherited)",
				);
				GCC_WARN_64_TO_32_BIT_CONVERSION = YES;
				GCC_WARN_ABOUT_RETURN_TYPE = YES_ERROR;
				GCC_WARN_UNDECLARED_SELECTOR = YES;
				GCC_WARN_UNINITIALIZED_AUTOS = YES_AGGRESSIVE;
				GCC_WARN_UNUSED_FUNCTION = YES;
				GCC_WARN_UNUSED_VARIABLE = YES;
				IPHONEOS_DEPLOYMENT_TARGET = 10.3;
				MTL_ENABLE_DEBUG_INFO = YES;
				ONLY_ACTIVE_ARCH = YES;
				SDKROOT = iphoneos;
				SWIFT_ACTIVE_COMPILATION_CONDITIONS = DEBUG;
				SWIFT_OPTIMIZATION_LEVEL = "-Onone";
				TARGETED_DEVICE_FAMILY = "1,2";
			};
			name = Debug;
		};
		75DF54E31F21FFDE0031309B /* Release */ = {
			isa = XCBuildConfiguration;
			buildSettings = {
				ALWAYS_SEARCH_USER_PATHS = NO;
				CLANG_ANALYZER_NONNULL = YES;
				CLANG_ANALYZER_NUMBER_OBJECT_CONVERSION = YES_AGGRESSIVE;
				CLANG_CXX_LANGUAGE_STANDARD = "gnu++0x";
				CLANG_CXX_LIBRARY = "libc++";
				CLANG_ENABLE_MODULES = YES;
				CLANG_ENABLE_OBJC_ARC = YES;
				CLANG_WARN_BOOL_CONVERSION = YES;
				CLANG_WARN_CONSTANT_CONVERSION = YES;
				CLANG_WARN_DIRECT_OBJC_ISA_USAGE = YES_ERROR;
				CLANG_WARN_DOCUMENTATION_COMMENTS = YES;
				CLANG_WARN_EMPTY_BODY = YES;
				CLANG_WARN_ENUM_CONVERSION = YES;
				CLANG_WARN_INFINITE_RECURSION = YES;
				CLANG_WARN_INT_CONVERSION = YES;
				CLANG_WARN_OBJC_ROOT_CLASS = YES_ERROR;
				CLANG_WARN_SUSPICIOUS_MOVE = YES;
				CLANG_WARN_UNREACHABLE_CODE = YES;
				CLANG_WARN__DUPLICATE_METHOD_MATCH = YES;
				"CODE_SIGN_IDENTITY[sdk=iphoneos*]" = "iPhone Developer";
				COPY_PHASE_STRIP = NO;
				DEBUG_INFORMATION_FORMAT = "dwarf-with-dsym";
				ENABLE_NS_ASSERTIONS = NO;
				ENABLE_STRICT_OBJC_MSGSEND = YES;
				GCC_C_LANGUAGE_STANDARD = gnu99;
				GCC_NO_COMMON_BLOCKS = YES;
				GCC_WARN_64_TO_32_BIT_CONVERSION = YES;
				GCC_WARN_ABOUT_RETURN_TYPE = YES_ERROR;
				GCC_WARN_UNDECLARED_SELECTOR = YES;
				GCC_WARN_UNINITIALIZED_AUTOS = YES_AGGRESSIVE;
				GCC_WARN_UNUSED_FUNCTION = YES;
				GCC_WARN_UNUSED_VARIABLE = YES;
				IPHONEOS_DEPLOYMENT_TARGET = 10.3;
				MTL_ENABLE_DEBUG_INFO = NO;
				SDKROOT = iphoneos;
				SWIFT_OPTIMIZATION_LEVEL = "-Owholemodule";
				TARGETED_DEVICE_FAMILY = "1,2";
				VALIDATE_PRODUCT = YES;
			};
			name = Release;
		};
		75DF54E51F21FFDE0031309B /* Debug */ = {
			isa = XCBuildConfiguration;
			buildSettings = {
				ASSETCATALOG_COMPILER_APPICON_NAME = AppIcon;
				DEVELOPMENT_TEAM = AJ4LU8WZ2B;
				INFOPLIST_FILE = TacoPOP/Info.plist;
				LD_RUNPATH_SEARCH_PATHS = "$(inherited) @executable_path/Frameworks";
				PRODUCT_BUNDLE_IDENTIFIER = com.hummatli.TacoPOP;
				PRODUCT_NAME = "$(TARGET_NAME)";
				SWIFT_VERSION = 3.0;
			};
			name = Debug;
		};
		75DF54E61F21FFDE0031309B /* Release */ = {
			isa = XCBuildConfiguration;
			buildSettings = {
				ASSETCATALOG_COMPILER_APPICON_NAME = AppIcon;
				DEVELOPMENT_TEAM = AJ4LU8WZ2B;
				INFOPLIST_FILE = TacoPOP/Info.plist;
				LD_RUNPATH_SEARCH_PATHS = "$(inherited) @executable_path/Frameworks";
				PRODUCT_BUNDLE_IDENTIFIER = com.hummatli.TacoPOP;
				PRODUCT_NAME = "$(TARGET_NAME)";
				SWIFT_VERSION = 3.0;
			};
			name = Release;
		};
		75DF54E81F21FFDE0031309B /* Debug */ = {
			isa = XCBuildConfiguration;
			buildSettings = {
				ALWAYS_EMBED_SWIFT_STANDARD_LIBRARIES = YES;
				BUNDLE_LOADER = "$(TEST_HOST)";
				DEVELOPMENT_TEAM = AJ4LU8WZ2B;
				INFOPLIST_FILE = TacoPOPTests/Info.plist;
				LD_RUNPATH_SEARCH_PATHS = "$(inherited) @executable_path/Frameworks @loader_path/Frameworks";
				PRODUCT_BUNDLE_IDENTIFIER = com.hummatli.TacoPOPTests;
				PRODUCT_NAME = "$(TARGET_NAME)";
				SWIFT_VERSION = 3.0;
				TEST_HOST = "$(BUILT_PRODUCTS_DIR)/TacoPOP.app/TacoPOP";
			};
			name = Debug;
		};
		75DF54E91F21FFDE0031309B /* Release */ = {
			isa = XCBuildConfiguration;
			buildSettings = {
				ALWAYS_EMBED_SWIFT_STANDARD_LIBRARIES = YES;
				BUNDLE_LOADER = "$(TEST_HOST)";
				DEVELOPMENT_TEAM = AJ4LU8WZ2B;
				INFOPLIST_FILE = TacoPOPTests/Info.plist;
				LD_RUNPATH_SEARCH_PATHS = "$(inherited) @executable_path/Frameworks @loader_path/Frameworks";
				PRODUCT_BUNDLE_IDENTIFIER = com.hummatli.TacoPOPTests;
				PRODUCT_NAME = "$(TARGET_NAME)";
				SWIFT_VERSION = 3.0;
				TEST_HOST = "$(BUILT_PRODUCTS_DIR)/TacoPOP.app/TacoPOP";
			};
			name = Release;
		};
/* End XCBuildConfiguration section */

/* Begin XCConfigurationList section */
		75DF54C21F21FFDE0031309B /* Build configuration list for PBXProject "TacoPOP" */ = {
			isa = XCConfigurationList;
			buildConfigurations = (
				75DF54E21F21FFDE0031309B /* Debug */,
				75DF54E31F21FFDE0031309B /* Release */,
			);
			defaultConfigurationIsVisible = 0;
			defaultConfigurationName = Release;
		};
		75DF54E41F21FFDE0031309B /* Build configuration list for PBXNativeTarget "TacoPOP" */ = {
			isa = XCConfigurationList;
			buildConfigurations = (
				75DF54E51F21FFDE0031309B /* Debug */,
				75DF54E61F21FFDE0031309B /* Release */,
			);
			defaultConfigurationIsVisible = 0;
		};
		75DF54E71F21FFDE0031309B /* Build configuration list for PBXNativeTarget "TacoPOPTests" */ = {
			isa = XCConfigurationList;
			buildConfigurations = (
				75DF54E81F21FFDE0031309B /* Debug */,
				75DF54E91F21FFDE0031309B /* Release */,
			);
			defaultConfigurationIsVisible = 0;
		};
/* End XCConfigurationList section */
	};
	rootObject = 75DF54BF1F21FFDE0031309B /* Project object */;
}
